
Microsoft Visual Studio Solution File, Format Version 12.00
# Visual Studio 15
VisualStudioVersion = 15.0.28307.902
MinimumVisualStudioVersion = 10.0.40219.1
Project("{8BC9CEB8-8B4A-11D0-8D11-00A0C91BC942}") = "Console mutex", "Console mutex\Console mutex.vcxproj", "{FBA40E36-A588-48DB-92ED-6664337188BB}"
EndProject
Global
	GlobalSection(SolutionConfigurationPlatforms) = preSolution
		Debug|x64 = Debug|x64
		Debug|x86 = Debug|x86
		Release|x64 = Release|x64
		Release|x86 = Release|x86
	EndGlobalSection
	GlobalSection(ProjectConfigurationPlatforms) = postSolution
		{FBA40E36-A588-48DB-92ED-6664337188BB}.Debug|x64.ActiveCfg = Debug|x64
		{FBA40E36-A588-48DB-92ED-6664337188BB}.Debug|x64.Build.0 = Debug|x64
		{FBA40E36-A588-48DB-92ED-6664337188BB}.Debug|x86.ActiveCfg = Debug|Win32
		{FBA40E36-A588-48DB-92ED-6664337188BB}.Debug|x86.Build.0 = Debug|Win32
		{FBA40E36-A588-48DB-92ED-6664337188BB}.Release|x64.ActiveCfg = Release|x64
		{FBA40E36-A588-48DB-92ED-6664337188BB}.Release|x64.Build.0 = Release|x64
		{FBA40E36-A588-48DB-92ED-6664337188BB}.Release|x86.ActiveCfg = Release|Win32
		{FBA40E36-A588-48DB-92ED-6664337188BB}.Release|x86.Build.0 = Release|Win32
	EndGlobalSection
	GlobalSection(SolutionProperties) = preSolution
		HideSolutionNode = FALSE
	EndGlobalSection
	GlobalSection(ExtensibilityGlobals) = postSolution
		SolutionGuid = {5EF4C0A8-1E9B-431F-AC3B-9B32AFFD2A3E}
	EndGlobalSection
EndGlobal
